// !$*UTF8*$!
{
	archiveVersion = 1;
	classes = {
	};
	objectVersion = 50;
	objects = {

/* Begin PBXBuildFile section */
		63409DD2211B9C7F005C1EE1 /* main.cpp in Sources */ = {isa = PBXBuildFile; fileRef = 63409DD1211B9C7F005C1EE1 /* main.cpp */; };
		63409DDA211B9CC3005C1EE1 /* action.cpp in Sources */ = {isa = PBXBuildFile; fileRef = 63409DD9211B9CC3005C1EE1 /* action.cpp */; };
		63409DDF211B9EE6005C1EE1 /* startup.cpp in Sources */ = {isa = PBXBuildFile; fileRef = 63409DDE211B9EE6005C1EE1 /* startup.cpp */; };
		63409DE9211BA297005C1EE1 /* functions.cpp in Sources */ = {isa = PBXBuildFile; fileRef = 63409DE8211BA297005C1EE1 /* functions.cpp */; };
		63409DEF211BA7B5005C1EE1 /* player.cpp in Sources */ = {isa = PBXBuildFile; fileRef = 63409DEE211BA7B5005C1EE1 /* player.cpp */; };
		63409DF5211BB1C2005C1EE1 /* policy.cpp in Sources */ = {isa = PBXBuildFile; fileRef = 63409DF4211BB1C2005C1EE1 /* policy.cpp */; };
		63409DF9211BB5D3005C1EE1 /* nonplayer.cpp in Sources */ = {isa = PBXBuildFile; fileRef = 63409DF8211BB5D3005C1EE1 /* nonplayer.cpp */; };
		63409E00211BDF52005C1EE1 /* combat.cpp in Sources */ = {isa = PBXBuildFile; fileRef = 63409DFF211BDF52005C1EE1 /* combat.cpp */; };
/* End PBXBuildFile section */

/* Begin PBXCopyFilesBuildPhase section */
		63409DCC211B9C7F005C1EE1 /* CopyFiles */ = {
			isa = PBXCopyFilesBuildPhase;
			buildActionMask = 2147483647;
			dstPath = /usr/share/man/man1/;
			dstSubfolderSpec = 0;
			files = (
			);
			runOnlyForDeploymentPostprocessing = 1;
		};
/* End PBXCopyFilesBuildPhase section */

/* Begin PBXFileReference section */
		63409DCE211B9C7F005C1EE1 /* Basseri_FinalProject */ = {isa = PBXFileReference; explicitFileType = "compiled.mach-o.executable"; includeInIndex = 0; path = Basseri_FinalProject; sourceTree = BUILT_PRODUCTS_DIR; };
		63409DD1211B9C7F005C1EE1 /* main.cpp */ = {isa = PBXFileReference; lastKnownFileType = sourcecode.cpp.cpp; path = main.cpp; sourceTree = "<group>"; };
		63409DD8211B9CA4005C1EE1 /* Action.h */ = {isa = PBXFileReference; lastKnownFileType = sourcecode.c.h; path = Action.h; sourceTree = "<group>"; };
		63409DD9211B9CC3005C1EE1 /* action.cpp */ = {isa = PBXFileReference; lastKnownFileType = sourcecode.cpp.cpp; path = action.cpp; sourceTree = "<group>"; };
		63409DDD211B9EAC005C1EE1 /* Startup.h */ = {isa = PBXFileReference; lastKnownFileType = sourcecode.c.h; path = Startup.h; sourceTree = "<group>"; };
		63409DDE211B9EE6005C1EE1 /* startup.cpp */ = {isa = PBXFileReference; lastKnownFileType = sourcecode.cpp.cpp; path = startup.cpp; sourceTree = "<group>"; };
		63409DE0211BA023005C1EE1 /* actions.txt */ = {isa = PBXFileReference; lastKnownFileType = text; path = actions.txt; sourceTree = "<group>"; };
		63409DE7211BA266005C1EE1 /* functions.h */ = {isa = PBXFileReference; lastKnownFileType = sourcecode.c.h; path = functions.h; sourceTree = "<group>"; };
		63409DE8211BA297005C1EE1 /* functions.cpp */ = {isa = PBXFileReference; lastKnownFileType = sourcecode.cpp.cpp; path = functions.cpp; sourceTree = "<group>"; };
		63409DED211BA76C005C1EE1 /* Player.h */ = {isa = PBXFileReference; lastKnownFileType = sourcecode.c.h; path = Player.h; sourceTree = "<group>"; };
		63409DEE211BA7B5005C1EE1 /* player.cpp */ = {isa = PBXFileReference; lastKnownFileType = sourcecode.cpp.cpp; path = player.cpp; sourceTree = "<group>"; };
		63409DF0211BAE26005C1EE1 /* fighter.txt */ = {isa = PBXFileReference; lastKnownFileType = text; path = fighter.txt; sourceTree = "<group>"; };
		63409DF1211BAEDD005C1EE1 /* bunchaRats.txt */ = {isa = PBXFileReference; lastKnownFileType = text; path = bunchaRats.txt; sourceTree = "<group>"; };
		63409DF2211BAEFC005C1EE1 /* rat.txt */ = {isa = PBXFileReference; lastKnownFileType = text; path = rat.txt; sourceTree = "<group>"; };
		63409DF3211BB172005C1EE1 /* Policy.h */ = {isa = PBXFileReference; lastKnownFileType = sourcecode.c.h; path = Policy.h; sourceTree = "<group>"; };
		63409DF4211BB1C2005C1EE1 /* policy.cpp */ = {isa = PBXFileReference; lastKnownFileType = sourcecode.cpp.cpp; path = policy.cpp; sourceTree = "<group>"; };
		63409DF6211BB49F005C1EE1 /* policies.txt */ = {isa = PBXFileReference; lastKnownFileType = text; path = policies.txt; sourceTree = "<group>"; };
		63409DF7211BB569005C1EE1 /* NonPlayer.h */ = {isa = PBXFileReference; lastKnownFileType = sourcecode.c.h; path = NonPlayer.h; sourceTree = "<group>"; };
		63409DF8211BB5D3005C1EE1 /* nonplayer.cpp */ = {isa = PBXFileReference; lastKnownFileType = sourcecode.cpp.cpp; path = nonplayer.cpp; sourceTree = "<group>"; };
		63409DFA211BC232005C1EE1 /* StatEnum.h */ = {isa = PBXFileReference; lastKnownFileType = sourcecode.c.h; path = StatEnum.h; sourceTree = "<group>"; };
		63409DFC211BCC92005C1EE1 /* thief.txt */ = {isa = PBXFileReference; lastKnownFileType = text; path = thief.txt; sourceTree = "<group>"; };
		63409DFD211BCCA9005C1EE1 /* party.txt */ = {isa = PBXFileReference; lastKnownFileType = text; path = party.txt; sourceTree = "<group>"; };
		63409DFE211BDEF5005C1EE1 /* Combat.h */ = {isa = PBXFileReference; lastKnownFileType = sourcecode.c.h; path = Combat.h; sourceTree = "<group>"; };
		63409DFF211BDF52005C1EE1 /* combat.cpp */ = {isa = PBXFileReference; lastKnownFileType = sourcecode.cpp.cpp; path = combat.cpp; sourceTree = "<group>"; };
		63409E02211C93FD005C1EE1 /* goblinGrunt.txt */ = {isa = PBXFileReference; lastKnownFileType = text; path = goblinGrunt.txt; sourceTree = "<group>"; };
		63409E03211C948C005C1EE1 /* goblins.txt */ = {isa = PBXFileReference; lastKnownFileType = text; path = goblins.txt; sourceTree = "<group>"; };
		63409E04211C968D005C1EE1 /* goblinShaman.txt */ = {isa = PBXFileReference; lastKnownFileType = text; path = goblinShaman.txt; sourceTree = "<group>"; };
		63409E05211C9AF8005C1EE1 /* warlock.txt */ = {isa = PBXFileReference; lastKnownFileType = text; path = warlock.txt; sourceTree = "<group>"; };
		63409E06211CB107005C1EE1 /* redDragon.txt */ = {isa = PBXFileReference; lastKnownFileType = text; path = redDragon.txt; sourceTree = "<group>"; };
		63409E07211CB175005C1EE1 /* theDragon.txt */ = {isa = PBXFileReference; lastKnownFileType = text; path = theDragon.txt; sourceTree = "<group>"; };
		63409E08211CC792005C1EE1 /* bully.txt */ = {isa = PBXFileReference; lastKnownFileType = text; path = bully.txt; sourceTree = "<group>"; };
		63409E09211CC89C005C1EE1 /* bullies.txt */ = {isa = PBXFileReference; lastKnownFileType = text; path = bullies.txt; sourceTree = "<group>"; };
/* End PBXFileReference section */

/* Begin PBXFrameworksBuildPhase section */
		63409DCB211B9C7F005C1EE1 /* Frameworks */ = {
			isa = PBXFrameworksBuildPhase;
			buildActionMask = 2147483647;
			files = (
			);
			runOnlyForDeploymentPostprocessing = 0;
		};
/* End PBXFrameworksBuildPhase section */

/* Begin PBXGroup section */
		63409DC5211B9C7F005C1EE1 = {
			isa = PBXGroup;
			children = (
				63409DD0211B9C7F005C1EE1 /* Basseri_FinalProject */,
				63409DCF211B9C7F005C1EE1 /* Products */,
			);
			sourceTree = "<group>";
		};
		63409DCF211B9C7F005C1EE1 /* Products */ = {
			isa = PBXGroup;
			children = (
				63409DCE211B9C7F005C1EE1 /* Basseri_FinalProject */,
			);
			name = Products;
			sourceTree = "<group>";
		};
		63409DD0211B9C7F005C1EE1 /* Basseri_FinalProject */ = {
			isa = PBXGroup;
			children = (
				63409E08211CC792005C1EE1 /* bully.txt */,
				63409E09211CC89C005C1EE1 /* bullies.txt */,
				63409E06211CB107005C1EE1 /* redDragon.txt */,
				63409E07211CB175005C1EE1 /* theDragon.txt */,
				63409E05211C9AF8005C1EE1 /* warlock.txt */,
				63409E04211C968D005C1EE1 /* goblinShaman.txt */,
				63409E02211C93FD005C1EE1 /* goblinGrunt.txt */,
				63409E03211C948C005C1EE1 /* goblins.txt */,
				63409DD1211B9C7F005C1EE1 /* main.cpp */,
				63409DFA211BC232005C1EE1 /* StatEnum.h */,
				63409DDD211B9EAC005C1EE1 /* Startup.h */,
				63409DDE211B9EE6005C1EE1 /* startup.cpp */,
				63409DD8211B9CA4005C1EE1 /* Action.h */,
				63409DD9211B9CC3005C1EE1 /* action.cpp */,
				63409DF3211BB172005C1EE1 /* Policy.h */,
				63409DF4211BB1C2005C1EE1 /* policy.cpp */,
				63409DED211BA76C005C1EE1 /* Player.h */,
				63409DEE211BA7B5005C1EE1 /* player.cpp */,
				63409DF7211BB569005C1EE1 /* NonPlayer.h */,
				63409DF8211BB5D3005C1EE1 /* nonplayer.cpp */,
				63409DE7211BA266005C1EE1 /* functions.h */,
				63409DE8211BA297005C1EE1 /* functions.cpp */,
				63409DE0211BA023005C1EE1 /* actions.txt */,
				63409DF6211BB49F005C1EE1 /* policies.txt */,
				63409DFE211BDEF5005C1EE1 /* Combat.h */,
				63409DFF211BDF52005C1EE1 /* combat.cpp */,
				63409DF0211BAE26005C1EE1 /* fighter.txt */,
				63409DFC211BCC92005C1EE1 /* thief.txt */,
				63409DFD211BCCA9005C1EE1 /* party.txt */,
				63409DF1211BAEDD005C1EE1 /* bunchaRats.txt */,
				63409DF2211BAEFC005C1EE1 /* rat.txt */,
			);
			path = Basseri_FinalProject;
			sourceTree = "<group>";
		};
/* End PBXGroup section */

/* Begin PBXNativeTarget section */
		63409DCD211B9C7F005C1EE1 /* Basseri_FinalProject */ = {
			isa = PBXNativeTarget;
			buildConfigurationList = 63409DD5211B9C7F005C1EE1 /* Build configuration list for PBXNativeTarget "Basseri_FinalProject" */;
			buildPhases = (
				63409DCA211B9C7F005C1EE1 /* Sources */,
				63409DCB211B9C7F005C1EE1 /* Frameworks */,
				63409DCC211B9C7F005C1EE1 /* CopyFiles */,
			);
			buildRules = (
			);
			dependencies = (
			);
			name = Basseri_FinalProject;
			productName = Basseri_FinalProject;
			productReference = 63409DCE211B9C7F005C1EE1 /* Basseri_FinalProject */;
			productType = "com.apple.product-type.tool";
		};
/* End PBXNativeTarget section */

/* Begin PBXProject section */
		63409DC6211B9C7F005C1EE1 /* Project object */ = {
			isa = PBXProject;
			attributes = {
				LastUpgradeCheck = 0940;
				ORGANIZATIONNAME = "Benjamin Basseri";
				TargetAttributes = {
					63409DCD211B9C7F005C1EE1 = {
						CreatedOnToolsVersion = 9.4.1;
					};
				};
			};
			buildConfigurationList = 63409DC9211B9C7F005C1EE1 /* Build configuration list for PBXProject "Basseri_FinalProject" */;
			compatibilityVersion = "Xcode 9.3";
			developmentRegion = en;
			hasScannedForEncodings = 0;
			knownRegions = (
				en,
			);
			mainGroup = 63409DC5211B9C7F005C1EE1;
			productRefGroup = 63409DCF211B9C7F005C1EE1 /* Products */;
			projectDirPath = "";
			projectRoot = "";
			targets = (
				63409DCD211B9C7F005C1EE1 /* Basseri_FinalProject */,
			);
		};
/* End PBXProject section */

/* Begin PBXSourcesBuildPhase section */
		63409DCA211B9C7F005C1EE1 /* Sources */ = {
			isa = PBXSourcesBuildPhase;
			buildActionMask = 2147483647;
			files = (
				63409DD2211B9C7F005C1EE1 /* main.cpp in Sources */,
				63409E00211BDF52005C1EE1 /* combat.cpp in Sources */,
				63409DEF211BA7B5005C1EE1 /* player.cpp in Sources */,
				63409DE9211BA297005C1EE1 /* functions.cpp in Sources */,
				63409DF5211BB1C2005C1EE1 /* policy.cpp in Sources */,
				63409DDA211B9CC3005C1EE1 /* action.cpp in Sources */,
				63409DDF211B9EE6005C1EE1 /* startup.cpp in Sources */,
				63409DF9211BB5D3005C1EE1 /* nonplayer.cpp in Sources */,
			);
			runOnlyForDeploymentPostprocessing = 0;
		};
/* End PBXSourcesBuildPhase section */

/* Begin XCBuildConfiguration section */
		63409DD3211B9C7F005C1EE1 /* Debug */ = {
			isa = XCBuildConfiguration;
			buildSettings = {
				ALWAYS_SEARCH_USER_PATHS = NO;
				CLANG_ANALYZER_NONNULL = YES;
				CLANG_ANALYZER_NUMBER_OBJECT_CONVERSION = YES_AGGRESSIVE;
				CLANG_CXX_LANGUAGE_STANDARD = "gnu++14";
				CLANG_CXX_LIBRARY = "libc++";
				CLANG_ENABLE_MODULES = YES;
				CLANG_ENABLE_OBJC_ARC = YES;
				CLANG_ENABLE_OBJC_WEAK = YES;
				CLANG_WARN_BLOCK_CAPTURE_AUTORELEASING = YES;
				CLANG_WARN_BOOL_CONVERSION = YES;
				CLANG_WARN_COMMA = YES;
				CLANG_WARN_CONSTANT_CONVERSION = YES;
				CLANG_WARN_DEPRECATED_OBJC_IMPLEMENTATIONS = YES;
				CLANG_WARN_DIRECT_OBJC_ISA_USAGE = YES_ERROR;
				CLANG_WARN_DOCUMENTATION_COMMENTS = YES;
				CLANG_WARN_EMPTY_BODY = YES;
				CLANG_WARN_ENUM_CONVERSION = YES;
				CLANG_WARN_INFINITE_RECURSION = YES;
				CLANG_WARN_INT_CONVERSION = YES;
				CLANG_WARN_NON_LITERAL_NULL_CONVERSION = YES;
				CLANG_WARN_OBJC_IMPLICIT_RETAIN_SELF = YES;
				CLANG_WARN_OBJC_LITERAL_CONVERSION = YES;
				CLANG_WARN_OBJC_ROOT_CLASS = YES_ERROR;
				CLANG_WARN_RANGE_LOOP_ANALYSIS = YES;
				CLANG_WARN_STRICT_PROTOTYPES = YES;
				CLANG_WARN_SUSPICIOUS_MOVE = YES;
				CLANG_WARN_UNGUARDED_AVAILABILITY = YES_AGGRESSIVE;
				CLANG_WARN_UNREACHABLE_CODE = YES;
				CLANG_WARN__DUPLICATE_METHOD_MATCH = YES;
				CODE_SIGN_IDENTITY = "-";
				COPY_PHASE_STRIP = NO;
				DEBUG_INFORMATION_FORMAT = dwarf;
				ENABLE_STRICT_OBJC_MSGSEND = YES;
				ENABLE_TESTABILITY = YES;
				GCC_C_LANGUAGE_STANDARD = gnu11;
				GCC_DYNAMIC_NO_PIC = NO;
				GCC_NO_COMMON_BLOCKS = YES;
				GCC_OPTIMIZATION_LEVEL = 0;
				GCC_PREPROCESSOR_DEFINITIONS = (
					"DEBUG=1",
					"$(inherited)",
				);
				GCC_WARN_64_TO_32_BIT_CONVERSION = YES;
				GCC_WARN_ABOUT_RETURN_TYPE = YES_ERROR;
				GCC_WARN_UNDECLARED_SELECTOR = YES;
				GCC_WARN_UNINITIALIZED_AUTOS = YES_AGGRESSIVE;
				GCC_WARN_UNUSED_FUNCTION = YES;
				GCC_WARN_UNUSED_VARIABLE = YES;
				MACOSX_DEPLOYMENT_TARGET = 10.13;
				MTL_ENABLE_DEBUG_INFO = YES;
				ONLY_ACTIVE_ARCH = YES;
				SDKROOT = macosx;
			};
			name = Debug;
		};
		63409DD4211B9C7F005C1EE1 /* Release */ = {
			isa = XCBuildConfiguration;
			buildSettings = {
				ALWAYS_SEARCH_USER_PATHS = NO;
				CLANG_ANALYZER_NONNULL = YES;
				CLANG_ANALYZER_NUMBER_OBJECT_CONVERSION = YES_AGGRESSIVE;
				CLANG_CXX_LANGUAGE_STANDARD = "gnu++14";
				CLANG_CXX_LIBRARY = "libc++";
				CLANG_ENABLE_MODULES = YES;
				CLANG_ENABLE_OBJC_ARC = YES;
				CLANG_ENABLE_OBJC_WEAK = YES;
				CLANG_WARN_BLOCK_CAPTURE_AUTORELEASING = YES;
				CLANG_WARN_BOOL_CONVERSION = YES;
				CLANG_WARN_COMMA = YES;
				CLANG_WARN_CONSTANT_CONVERSION = YES;
				CLANG_WARN_DEPRECATED_OBJC_IMPLEMENTATIONS = YES;
				CLANG_WARN_DIRECT_OBJC_ISA_USAGE = YES_ERROR;
				CLANG_WARN_DOCUMENTATION_COMMENTS = YES;
				CLANG_WARN_EMPTY_BODY = YES;
				CLANG_WARN_ENUM_CONVERSION = YES;
				CLANG_WARN_INFINITE_RECURSION = YES;
				CLANG_WARN_INT_CONVERSION = YES;
				CLANG_WARN_NON_LITERAL_NULL_CONVERSION = YES;
				CLANG_WARN_OBJC_IMPLICIT_RETAIN_SELF = YES;
				CLANG_WARN_OBJC_LITERAL_CONVERSION = YES;
				CLANG_WARN_OBJC_ROOT_CLASS = YES_ERROR;
				CLANG_WARN_RANGE_LOOP_ANALYSIS = YES;
				CLANG_WARN_STRICT_PROTOTYPES = YES;
				CLANG_WARN_SUSPICIOUS_MOVE = YES;
				CLANG_WARN_UNGUARDED_AVAILABILITY = YES_AGGRESSIVE;
				CLANG_WARN_UNREACHABLE_CODE = YES;
				CLANG_WARN__DUPLICATE_METHOD_MATCH = YES;
				CODE_SIGN_IDENTITY = "-";
				COPY_PHASE_STRIP = NO;
				DEBUG_INFORMATION_FORMAT = "dwarf-with-dsym";
				ENABLE_NS_ASSERTIONS = NO;
				ENABLE_STRICT_OBJC_MSGSEND = YES;
				GCC_C_LANGUAGE_STANDARD = gnu11;
				GCC_NO_COMMON_BLOCKS = YES;
				GCC_WARN_64_TO_32_BIT_CONVERSION = YES;
				GCC_WARN_ABOUT_RETURN_TYPE = YES_ERROR;
				GCC_WARN_UNDECLARED_SELECTOR = YES;
				GCC_WARN_UNINITIALIZED_AUTOS = YES_AGGRESSIVE;
				GCC_WARN_UNUSED_FUNCTION = YES;
				GCC_WARN_UNUSED_VARIABLE = YES;
				MACOSX_DEPLOYMENT_TARGET = 10.13;
				MTL_ENABLE_DEBUG_INFO = NO;
				SDKROOT = macosx;
			};
			name = Release;
		};
		63409DD6211B9C7F005C1EE1 /* Debug */ = {
			isa = XCBuildConfiguration;
			buildSettings = {
				CODE_SIGN_STYLE = Automatic;
				PRODUCT_NAME = "$(TARGET_NAME)";
			};
			name = Debug;
		};
		63409DD7211B9C7F005C1EE1 /* Release */ = {
			isa = XCBuildConfiguration;
			buildSettings = {
				CODE_SIGN_STYLE = Automatic;
				PRODUCT_NAME = "$(TARGET_NAME)";
			};
			name = Release;
		};
/* End XCBuildConfiguration section */

/* Begin XCConfigurationList section */
		63409DC9211B9C7F005C1EE1 /* Build configuration list for PBXProject "Basseri_FinalProject" */ = {
			isa = XCConfigurationList;
			buildConfigurations = (
				63409DD3211B9C7F005C1EE1 /* Debug */,
				63409DD4211B9C7F005C1EE1 /* Release */,
			);
			defaultConfigurationIsVisible = 0;
			defaultConfigurationName = Release;
		};
		63409DD5211B9C7F005C1EE1 /* Build configuration list for PBXNativeTarget "Basseri_FinalProject" */ = {
			isa = XCConfigurationList;
			buildConfigurations = (
				63409DD6211B9C7F005C1EE1 /* Debug */,
				63409DD7211B9C7F005C1EE1 /* Release */,
			);
			defaultConfigurationIsVisible = 0;
			defaultConfigurationName = Release;
		};
/* End XCConfigurationList section */
	};
	rootObject = 63409DC6211B9C7F005C1EE1 /* Project object */;
}
